
Microsoft Visual Studio Solution File, Format Version 12.00
# Visual Studio 2013
VisualStudioVersion = 12.0.31101.0
MinimumVisualStudioVersion = 10.0.40219.1
Project("{FAE04EC0-301F-11D3-BF4B-00C04F79EFBC}") = "Ask.Service", "Ask.Service\Ask.Service.csproj", "{476497FA-FF6F-41A9-BA4C-B4D35C65117D}"
EndProject
Global
	GlobalSection(SolutionConfigurationPlatforms) = preSolution
		Debug|Any CPU = Debug|Any CPU
		Release|Any CPU = Release|Any CPU
	EndGlobalSection
	GlobalSection(ProjectConfigurationPlatforms) = postSolution
		{476497FA-FF6F-41A9-BA4C-B4D35C65117D}.Debug|Any CPU.ActiveCfg = Debug|Any CPU
		{476497FA-FF6F-41A9-BA4C-B4D35C65117D}.Debug|Any CPU.Build.0 = Debug|Any CPU
		{476497FA-FF6F-41A9-BA4C-B4D35C65117D}.Release|Any CPU.ActiveCfg = Release|Any CPU
		{476497FA-FF6F-41A9-BA4C-B4D35C65117D}.Release|Any CPU.Build.0 = Release|Any CPU
	EndGlobalSection
	GlobalSection(SolutionProperties) = preSolution
		HideSolutionNode = FALSE
	EndGlobalSection
EndGlobal
